
Microsoft Visual Studio Solution File, Format Version 11.00
# Visual Studio 2010
Project("{8BC9CEB8-8B4A-11D0-8D11-00A0C91BC942}") = "histograma", "histograma\histograma.vcxproj", "{9DC00B7A-FE36-48F0-A89F-1F0FB372BCD5}"
EndProject
Global
	GlobalSection(SolutionConfigurationPlatforms) = preSolution
		Debug|Win32 = Debug|Win32
		Release|Win32 = Release|Win32
	EndGlobalSection
	GlobalSection(ProjectConfigurationPlatforms) = postSolution
		{9DC00B7A-FE36-48F0-A89F-1F0FB372BCD5}.Debug|Win32.ActiveCfg = Debug|Win32
		{9DC00B7A-FE36-48F0-A89F-1F0FB372BCD5}.Debug|Win32.Build.0 = Debug|Win32
		{9DC00B7A-FE36-48F0-A89F-1F0FB372BCD5}.Release|Win32.ActiveCfg = Release|Win32
		{9DC00B7A-FE36-48F0-A89F-1F0FB372BCD5}.Release|Win32.Build.0 = Release|Win32
	EndGlobalSection
	GlobalSection(SolutionProperties) = preSolution
		HideSolutionNode = FALSE
	EndGlobalSection
EndGlobal
